
Microsoft Visual Studio Solution File, Format Version 12.00
# Visual Studio Version 17
VisualStudioVersion = 17.10.35027.167
MinimumVisualStudioVersion = 10.0.40219.1
Project("{2150E333-8FDC-42A3-9474-1A3956D46DE8}") = "src", "src", "{8A6A3AAF-CDA1-4D13-A4FF-E4488B85CC65}"
EndProject
Project("{FAE04EC0-301F-11D3-BF4B-00C04F79EFBC}") = "LibraryManagement.Api", "LibraryManagement.Api\LibraryManagement.Api.csproj", "{F8ABD32B-75C2-49A1-B0D0-52867478B20C}"
EndProject
Project("{FAE04EC0-301F-11D3-BF4B-00C04F79EFBC}") = "LibraryManagement.Contract", "LibraryManagement.Contract\LibraryManagement.Contract.csproj", "{948BA0C9-D46D-47B8-A048-115D29A73B2D}"
EndProject
Project("{FAE04EC0-301F-11D3-BF4B-00C04F79EFBC}") = "LibraryManagement.Application", "LibraryManagement.Application\LibraryManagement.Application.csproj", "{0766DDCD-F0C9-48DF-838B-8EEB3130C359}"
EndProject
Project("{FAE04EC0-301F-11D3-BF4B-00C04F79EFBC}") = "LibraryManagement.Infastructure.Data", "LibraryManagement.Infastructure.Data\LibraryManagement.Infastructure.Data.csproj", "{64BD6267-424B-48D6-AE50-C66CB483A63B}"
EndProject
Project("{FAE04EC0-301F-11D3-BF4B-00C04F79EFBC}") = "LibraryManagement.Domain", "LibraryManagement.Domain\LibraryManagement.Domain.csproj", "{1ACE06D7-193B-4011-BFB2-C45691767E2F}"
EndProject
Global
	GlobalSection(SolutionConfigurationPlatforms) = preSolution
		Debug|Any CPU = Debug|Any CPU
		Release|Any CPU = Release|Any CPU
	EndGlobalSection
	GlobalSection(ProjectConfigurationPlatforms) = postSolution
		{F8ABD32B-75C2-49A1-B0D0-52867478B20C}.Debug|Any CPU.ActiveCfg = Debug|Any CPU
		{F8ABD32B-75C2-49A1-B0D0-52867478B20C}.Debug|Any CPU.Build.0 = Debug|Any CPU
		{F8ABD32B-75C2-49A1-B0D0-52867478B20C}.Release|Any CPU.ActiveCfg = Release|Any CPU
		{F8ABD32B-75C2-49A1-B0D0-52867478B20C}.Release|Any CPU.Build.0 = Release|Any CPU
		{948BA0C9-D46D-47B8-A048-115D29A73B2D}.Debug|Any CPU.ActiveCfg = Debug|Any CPU
		{948BA0C9-D46D-47B8-A048-115D29A73B2D}.Debug|Any CPU.Build.0 = Debug|Any CPU
		{948BA0C9-D46D-47B8-A048-115D29A73B2D}.Release|Any CPU.ActiveCfg = Release|Any CPU
		{948BA0C9-D46D-47B8-A048-115D29A73B2D}.Release|Any CPU.Build.0 = Release|Any CPU
		{0766DDCD-F0C9-48DF-838B-8EEB3130C359}.Debug|Any CPU.ActiveCfg = Debug|Any CPU
		{0766DDCD-F0C9-48DF-838B-8EEB3130C359}.Debug|Any CPU.Build.0 = Debug|Any CPU
		{0766DDCD-F0C9-48DF-838B-8EEB3130C359}.Release|Any CPU.ActiveCfg = Release|Any CPU
		{0766DDCD-F0C9-48DF-838B-8EEB3130C359}.Release|Any CPU.Build.0 = Release|Any CPU
		{64BD6267-424B-48D6-AE50-C66CB483A63B}.Debug|Any CPU.ActiveCfg = Debug|Any CPU
		{64BD6267-424B-48D6-AE50-C66CB483A63B}.Debug|Any CPU.Build.0 = Debug|Any CPU
		{64BD6267-424B-48D6-AE50-C66CB483A63B}.Release|Any CPU.ActiveCfg = Release|Any CPU
		{64BD6267-424B-48D6-AE50-C66CB483A63B}.Release|Any CPU.Build.0 = Release|Any CPU
		{1ACE06D7-193B-4011-BFB2-C45691767E2F}.Debug|Any CPU.ActiveCfg = Debug|Any CPU
		{1ACE06D7-193B-4011-BFB2-C45691767E2F}.Debug|Any CPU.Build.0 = Debug|Any CPU
		{1ACE06D7-193B-4011-BFB2-C45691767E2F}.Release|Any CPU.ActiveCfg = Release|Any CPU
		{1ACE06D7-193B-4011-BFB2-C45691767E2F}.Release|Any CPU.Build.0 = Release|Any CPU
	EndGlobalSection
	GlobalSection(SolutionProperties) = preSolution
		HideSolutionNode = FALSE
	EndGlobalSection
	GlobalSection(NestedProjects) = preSolution
		{F8ABD32B-75C2-49A1-B0D0-52867478B20C} = {8A6A3AAF-CDA1-4D13-A4FF-E4488B85CC65}
		{948BA0C9-D46D-47B8-A048-115D29A73B2D} = {8A6A3AAF-CDA1-4D13-A4FF-E4488B85CC65}
		{0766DDCD-F0C9-48DF-838B-8EEB3130C359} = {8A6A3AAF-CDA1-4D13-A4FF-E4488B85CC65}
		{64BD6267-424B-48D6-AE50-C66CB483A63B} = {8A6A3AAF-CDA1-4D13-A4FF-E4488B85CC65}
		{1ACE06D7-193B-4011-BFB2-C45691767E2F} = {8A6A3AAF-CDA1-4D13-A4FF-E4488B85CC65}
	EndGlobalSection
	GlobalSection(ExtensibilityGlobals) = postSolution
		SolutionGuid = {0EDC33A5-1F86-45DA-B98E-5C6ABF3B8AAE}
	EndGlobalSection
EndGlobal
