
Microsoft Visual Studio Solution File, Format Version 12.00
# Visual Studio Version 17
VisualStudioVersion = 17.10.35027.167
MinimumVisualStudioVersion = 10.0.40219.1
Project("{9A19103F-16F7-4668-BE54-9A1E7A4F7556}") = "LibraryManagement.Api", "src\LibraryManagement.Api\LibraryManagement.Api.csproj", "{43747AB5-B86C-4785-84EB-D2E05615779C}"
EndProject
Project("{9A19103F-16F7-4668-BE54-9A1E7A4F7556}") = "LibraryManagement.Application", "src\LibraryManagement.Application\LibraryManagement.Application.csproj", "{0DD621A2-50F6-40BB-969F-9049B34BF590}"
EndProject
Project("{9A19103F-16F7-4668-BE54-9A1E7A4F7556}") = "LibraryManagement.Contract", "src\LibraryManagement.Contract\LibraryManagement.Contract.csproj", "{F106DBBB-27CD-4D13-9D7A-41DB840D3EC2}"
EndProject
Project("{9A19103F-16F7-4668-BE54-9A1E7A4F7556}") = "LibraryManagement.Domain", "src\LibraryManagement.Domain\LibraryManagement.Domain.csproj", "{862F8A7E-9999-4F6D-9CB2-A26090E7BB9B}"
EndProject
Project("{9A19103F-16F7-4668-BE54-9A1E7A4F7556}") = "LibraryManagement.Infastructure", "src\LibraryManagement.Infastructure\LibraryManagement.Infastructure.csproj", "{8EB73816-A1F6-4051-9A45-91FF34A0706B}"
EndProject
Project("{2150E333-8FDC-42A3-9474-1A3956D46DE8}") = "src", "src", "{8CC56381-B071-4034-8C71-1E7F8931176B}"
EndProject
Project("{2150E333-8FDC-42A3-9474-1A3956D46DE8}") = "tests", "tests", "{CA5FB271-7C10-42D5-A24E-52DF05E9E548}"
EndProject
Project("{9A19103F-16F7-4668-BE54-9A1E7A4F7556}") = "LibraryManagement.Application.Test", "tests\LibraryManagement.Application.Test\LibraryManagement.Application.Test.csproj", "{FBEA914F-2B57-4D76-A869-554F0E69253B}"
EndProject
Project("{E53339B2-1760-4266-BCC7-CA923CBCF16C}") = "docker-compose", "docker-compose.dcproj", "{D0740A66-2094-4EBA-8DE2-8A71ABA5A9D2}"
EndProject
Global
	GlobalSection(SolutionConfigurationPlatforms) = preSolution
		Debug|Any CPU = Debug|Any CPU
		Release|Any CPU = Release|Any CPU
	EndGlobalSection
	GlobalSection(ProjectConfigurationPlatforms) = postSolution
		{43747AB5-B86C-4785-84EB-D2E05615779C}.Debug|Any CPU.ActiveCfg = Debug|Any CPU
		{43747AB5-B86C-4785-84EB-D2E05615779C}.Debug|Any CPU.Build.0 = Debug|Any CPU
		{43747AB5-B86C-4785-84EB-D2E05615779C}.Release|Any CPU.ActiveCfg = Release|Any CPU
		{43747AB5-B86C-4785-84EB-D2E05615779C}.Release|Any CPU.Build.0 = Release|Any CPU
		{0DD621A2-50F6-40BB-969F-9049B34BF590}.Debug|Any CPU.ActiveCfg = Debug|Any CPU
		{0DD621A2-50F6-40BB-969F-9049B34BF590}.Debug|Any CPU.Build.0 = Debug|Any CPU
		{0DD621A2-50F6-40BB-969F-9049B34BF590}.Release|Any CPU.ActiveCfg = Release|Any CPU
		{0DD621A2-50F6-40BB-969F-9049B34BF590}.Release|Any CPU.Build.0 = Release|Any CPU
		{F106DBBB-27CD-4D13-9D7A-41DB840D3EC2}.Debug|Any CPU.ActiveCfg = Debug|Any CPU
		{F106DBBB-27CD-4D13-9D7A-41DB840D3EC2}.Debug|Any CPU.Build.0 = Debug|Any CPU
		{F106DBBB-27CD-4D13-9D7A-41DB840D3EC2}.Release|Any CPU.ActiveCfg = Release|Any CPU
		{F106DBBB-27CD-4D13-9D7A-41DB840D3EC2}.Release|Any CPU.Build.0 = Release|Any CPU
		{862F8A7E-9999-4F6D-9CB2-A26090E7BB9B}.Debug|Any CPU.ActiveCfg = Debug|Any CPU
		{862F8A7E-9999-4F6D-9CB2-A26090E7BB9B}.Debug|Any CPU.Build.0 = Debug|Any CPU
		{862F8A7E-9999-4F6D-9CB2-A26090E7BB9B}.Release|Any CPU.ActiveCfg = Release|Any CPU
		{862F8A7E-9999-4F6D-9CB2-A26090E7BB9B}.Release|Any CPU.Build.0 = Release|Any CPU
		{8EB73816-A1F6-4051-9A45-91FF34A0706B}.Debug|Any CPU.ActiveCfg = Debug|Any CPU
		{8EB73816-A1F6-4051-9A45-91FF34A0706B}.Debug|Any CPU.Build.0 = Debug|Any CPU
		{8EB73816-A1F6-4051-9A45-91FF34A0706B}.Release|Any CPU.ActiveCfg = Release|Any CPU
		{8EB73816-A1F6-4051-9A45-91FF34A0706B}.Release|Any CPU.Build.0 = Release|Any CPU
		{FBEA914F-2B57-4D76-A869-554F0E69253B}.Debug|Any CPU.ActiveCfg = Debug|Any CPU
		{FBEA914F-2B57-4D76-A869-554F0E69253B}.Debug|Any CPU.Build.0 = Debug|Any CPU
		{FBEA914F-2B57-4D76-A869-554F0E69253B}.Release|Any CPU.ActiveCfg = Release|Any CPU
		{FBEA914F-2B57-4D76-A869-554F0E69253B}.Release|Any CPU.Build.0 = Release|Any CPU
		{D0740A66-2094-4EBA-8DE2-8A71ABA5A9D2}.Debug|Any CPU.ActiveCfg = Debug|Any CPU
		{D0740A66-2094-4EBA-8DE2-8A71ABA5A9D2}.Debug|Any CPU.Build.0 = Debug|Any CPU
		{D0740A66-2094-4EBA-8DE2-8A71ABA5A9D2}.Release|Any CPU.ActiveCfg = Release|Any CPU
		{D0740A66-2094-4EBA-8DE2-8A71ABA5A9D2}.Release|Any CPU.Build.0 = Release|Any CPU
	EndGlobalSection
	GlobalSection(SolutionProperties) = preSolution
		HideSolutionNode = FALSE
	EndGlobalSection
	GlobalSection(NestedProjects) = preSolution
		{43747AB5-B86C-4785-84EB-D2E05615779C} = {8CC56381-B071-4034-8C71-1E7F8931176B}
		{0DD621A2-50F6-40BB-969F-9049B34BF590} = {8CC56381-B071-4034-8C71-1E7F8931176B}
		{F106DBBB-27CD-4D13-9D7A-41DB840D3EC2} = {8CC56381-B071-4034-8C71-1E7F8931176B}
		{862F8A7E-9999-4F6D-9CB2-A26090E7BB9B} = {8CC56381-B071-4034-8C71-1E7F8931176B}
		{8EB73816-A1F6-4051-9A45-91FF34A0706B} = {8CC56381-B071-4034-8C71-1E7F8931176B}
		{FBEA914F-2B57-4D76-A869-554F0E69253B} = {CA5FB271-7C10-42D5-A24E-52DF05E9E548}
	EndGlobalSection
	GlobalSection(ExtensibilityGlobals) = postSolution
		SolutionGuid = {0EDC33A5-1F86-45DA-B98E-5C6ABF3B8AAE}
	EndGlobalSection
EndGlobal
